
Microsoft Visual Studio Solution File, Format Version 12.00
# Visual Studio Version 17
VisualStudioVersion = 17.7.34202.233
MinimumVisualStudioVersion = 10.0.40219.1
Project("{8BC9CEB8-8B4A-11D0-8D11-00A0C91BC942}") = "praktikanumber2", "praktikanumber2.vcxproj", "{B4AC06EB-8ADF-4835-9E32-15F15FE258D7}"
EndProject
Global
	GlobalSection(SolutionConfigurationPlatforms) = preSolution
		Debug|x64 = Debug|x64
		Debug|x86 = Debug|x86
		Release|x64 = Release|x64
		Release|x86 = Release|x86
	EndGlobalSection
	GlobalSection(ProjectConfigurationPlatforms) = postSolution
		{B4AC06EB-8ADF-4835-9E32-15F15FE258D7}.Debug|x64.ActiveCfg = Debug|x64
		{B4AC06EB-8ADF-4835-9E32-15F15FE258D7}.Debug|x64.Build.0 = Debug|x64
		{B4AC06EB-8ADF-4835-9E32-15F15FE258D7}.Debug|x86.ActiveCfg = Debug|Win32
		{B4AC06EB-8ADF-4835-9E32-15F15FE258D7}.Debug|x86.Build.0 = Debug|Win32
		{B4AC06EB-8ADF-4835-9E32-15F15FE258D7}.Release|x64.ActiveCfg = Release|x64
		{B4AC06EB-8ADF-4835-9E32-15F15FE258D7}.Release|x64.Build.0 = Release|x64
		{B4AC06EB-8ADF-4835-9E32-15F15FE258D7}.Release|x86.ActiveCfg = Release|Win32
		{B4AC06EB-8ADF-4835-9E32-15F15FE258D7}.Release|x86.Build.0 = Release|Win32
	EndGlobalSection
	GlobalSection(SolutionProperties) = preSolution
		HideSolutionNode = FALSE
	EndGlobalSection
	GlobalSection(ExtensibilityGlobals) = postSolution
		SolutionGuid = {72525BFA-58C8-4C9E-958D-1DAC92FFB96F}
	EndGlobalSection
EndGlobal
